
Microsoft Visual Studio Solution File, Format Version 12.00
# Visual Studio Version 17
VisualStudioVersion = 17.9.34622.214
MinimumVisualStudioVersion = 10.0.40219.1
Project("{FAE04EC0-301F-11D3-BF4B-00C04F79EFBC}") = "ProductAPI.Api", "ProductAPI\ProductAPI.Api.csproj", "{99A3F2EE-FC31-437B-BD13-4F7B0C6F0F57}"
EndProject
Project("{2150E333-8FDC-42A3-9474-1A3956D46DE8}") = "src", "src", "{D0D32E0E-3588-426E-9756-BCF5175BB5E9}"
EndProject
Project("{2150E333-8FDC-42A3-9474-1A3956D46DE8}") = "1. Presentation Layer", "1. Presentation Layer", "{2F8C6C6F-A107-45D7-905A-B794BE72FFC6}"
EndProject
Project("{2150E333-8FDC-42A3-9474-1A3956D46DE8}") = "2. Business Logic Layer", "2. Business Logic Layer", "{16F19B0A-FC04-459B-81D1-67EF88E6FCAD}"
EndProject
Project("{2150E333-8FDC-42A3-9474-1A3956D46DE8}") = "3. Data Access Layer", "3. Data Access Layer", "{8633034B-5292-4FE3-B799-17E60FE69AB1}"
EndProject
Project("{2150E333-8FDC-42A3-9474-1A3956D46DE8}") = "4. Common", "4. Common", "{CBAFE2D3-54B1-4DCD-B11A-5B63769B695D}"
EndProject
Project("{FAE04EC0-301F-11D3-BF4B-00C04F79EFBC}") = "ProductAPI.Core", "ProductAPI.Core\ProductAPI.Core.csproj", "{396F6EA2-8FE1-4817-8E5E-E55E7B757407}"
EndProject
Project("{FAE04EC0-301F-11D3-BF4B-00C04F79EFBC}") = "ProductAPI.Data", "ProductAPI.Data\ProductAPI.Data.csproj", "{C0C5A9DC-28A8-4098-84BE-8285741EE299}"
EndProject
Project("{FAE04EC0-301F-11D3-BF4B-00C04F79EFBC}") = "ProductAPI.Common", "ProductAPI.Common\ProductAPI.Common.csproj", "{15D40B46-9A79-4655-A191-CB64AD97C9C6}"
EndProject
Global
	GlobalSection(SolutionConfigurationPlatforms) = preSolution
		Debug|Any CPU = Debug|Any CPU
		Release|Any CPU = Release|Any CPU
	EndGlobalSection
	GlobalSection(ProjectConfigurationPlatforms) = postSolution
		{99A3F2EE-FC31-437B-BD13-4F7B0C6F0F57}.Debug|Any CPU.ActiveCfg = Debug|Any CPU
		{99A3F2EE-FC31-437B-BD13-4F7B0C6F0F57}.Debug|Any CPU.Build.0 = Debug|Any CPU
		{99A3F2EE-FC31-437B-BD13-4F7B0C6F0F57}.Release|Any CPU.ActiveCfg = Release|Any CPU
		{99A3F2EE-FC31-437B-BD13-4F7B0C6F0F57}.Release|Any CPU.Build.0 = Release|Any CPU
		{396F6EA2-8FE1-4817-8E5E-E55E7B757407}.Debug|Any CPU.ActiveCfg = Debug|Any CPU
		{396F6EA2-8FE1-4817-8E5E-E55E7B757407}.Debug|Any CPU.Build.0 = Debug|Any CPU
		{396F6EA2-8FE1-4817-8E5E-E55E7B757407}.Release|Any CPU.ActiveCfg = Release|Any CPU
		{396F6EA2-8FE1-4817-8E5E-E55E7B757407}.Release|Any CPU.Build.0 = Release|Any CPU
		{C0C5A9DC-28A8-4098-84BE-8285741EE299}.Debug|Any CPU.ActiveCfg = Debug|Any CPU
		{C0C5A9DC-28A8-4098-84BE-8285741EE299}.Debug|Any CPU.Build.0 = Debug|Any CPU
		{C0C5A9DC-28A8-4098-84BE-8285741EE299}.Release|Any CPU.ActiveCfg = Release|Any CPU
		{C0C5A9DC-28A8-4098-84BE-8285741EE299}.Release|Any CPU.Build.0 = Release|Any CPU
		{15D40B46-9A79-4655-A191-CB64AD97C9C6}.Debug|Any CPU.ActiveCfg = Debug|Any CPU
		{15D40B46-9A79-4655-A191-CB64AD97C9C6}.Debug|Any CPU.Build.0 = Debug|Any CPU
		{15D40B46-9A79-4655-A191-CB64AD97C9C6}.Release|Any CPU.ActiveCfg = Release|Any CPU
		{15D40B46-9A79-4655-A191-CB64AD97C9C6}.Release|Any CPU.Build.0 = Release|Any CPU
	EndGlobalSection
	GlobalSection(SolutionProperties) = preSolution
		HideSolutionNode = FALSE
	EndGlobalSection
	GlobalSection(NestedProjects) = preSolution
		{99A3F2EE-FC31-437B-BD13-4F7B0C6F0F57} = {2F8C6C6F-A107-45D7-905A-B794BE72FFC6}
		{2F8C6C6F-A107-45D7-905A-B794BE72FFC6} = {D0D32E0E-3588-426E-9756-BCF5175BB5E9}
		{16F19B0A-FC04-459B-81D1-67EF88E6FCAD} = {D0D32E0E-3588-426E-9756-BCF5175BB5E9}
		{8633034B-5292-4FE3-B799-17E60FE69AB1} = {D0D32E0E-3588-426E-9756-BCF5175BB5E9}
		{CBAFE2D3-54B1-4DCD-B11A-5B63769B695D} = {D0D32E0E-3588-426E-9756-BCF5175BB5E9}
		{396F6EA2-8FE1-4817-8E5E-E55E7B757407} = {16F19B0A-FC04-459B-81D1-67EF88E6FCAD}
		{C0C5A9DC-28A8-4098-84BE-8285741EE299} = {8633034B-5292-4FE3-B799-17E60FE69AB1}
		{15D40B46-9A79-4655-A191-CB64AD97C9C6} = {CBAFE2D3-54B1-4DCD-B11A-5B63769B695D}
	EndGlobalSection
	GlobalSection(ExtensibilityGlobals) = postSolution
		SolutionGuid = {817E2EDA-D9F1-4489-8F30-BA2CEF28AC8C}
	EndGlobalSection
EndGlobal
